
Microsoft Visual Studio Solution File, Format Version 12.00
# Visual Studio 15
VisualStudioVersion = 15.0.28010.2036
MinimumVisualStudioVersion = 10.0.40219.1
Project("{9A19103F-16F7-4668-BE54-9A1E7A4F7556}") = "AniSync", "AniSync\AniSync.csproj", "{2A879940-03D5-4252-873C-89D753FBA4F9}"
EndProject
Project("{2150E333-8FDC-42A3-9474-1A3956D46DE8}") = "Libs", "Libs", "{982B22CA-24E6-4A18-850D-49130FD2B42B}"
EndProject
Project("{9A19103F-16F7-4668-BE54-9A1E7A4F7556}") = "AniSync.Api.Plex", "AniSync.Api.Plex\AniSync.Api.Plex.csproj", "{6C388AE4-A8A1-4F80-8B72-686833C17856}"
EndProject
Project("{9A19103F-16F7-4668-BE54-9A1E7A4F7556}") = "AniSync.Api", "AniSync.Api\AniSync.Api.csproj", "{85C73B64-AF23-4A64-AEF8-B85D4E454F1A}"
EndProject
Project("{FAE04EC0-301F-11D3-BF4B-00C04F79EFBC}") = "AniSync.Data", "AniSync.Data\AniSync.Data.csproj", "{994F0783-B7C2-4185-8347-0F998EF0AD9B}"
EndProject
Global
	GlobalSection(SolutionConfigurationPlatforms) = preSolution
		Debug|Any CPU = Debug|Any CPU
		Release|Any CPU = Release|Any CPU
	EndGlobalSection
	GlobalSection(ProjectConfigurationPlatforms) = postSolution
		{2A879940-03D5-4252-873C-89D753FBA4F9}.Debug|Any CPU.ActiveCfg = Debug|Any CPU
		{2A879940-03D5-4252-873C-89D753FBA4F9}.Debug|Any CPU.Build.0 = Debug|Any CPU
		{2A879940-03D5-4252-873C-89D753FBA4F9}.Release|Any CPU.ActiveCfg = Release|Any CPU
		{2A879940-03D5-4252-873C-89D753FBA4F9}.Release|Any CPU.Build.0 = Release|Any CPU
		{6C388AE4-A8A1-4F80-8B72-686833C17856}.Debug|Any CPU.ActiveCfg = Debug|Any CPU
		{6C388AE4-A8A1-4F80-8B72-686833C17856}.Debug|Any CPU.Build.0 = Debug|Any CPU
		{6C388AE4-A8A1-4F80-8B72-686833C17856}.Release|Any CPU.ActiveCfg = Release|Any CPU
		{6C388AE4-A8A1-4F80-8B72-686833C17856}.Release|Any CPU.Build.0 = Release|Any CPU
		{85C73B64-AF23-4A64-AEF8-B85D4E454F1A}.Debug|Any CPU.ActiveCfg = Debug|Any CPU
		{85C73B64-AF23-4A64-AEF8-B85D4E454F1A}.Debug|Any CPU.Build.0 = Debug|Any CPU
		{85C73B64-AF23-4A64-AEF8-B85D4E454F1A}.Release|Any CPU.ActiveCfg = Release|Any CPU
		{85C73B64-AF23-4A64-AEF8-B85D4E454F1A}.Release|Any CPU.Build.0 = Release|Any CPU
		{994F0783-B7C2-4185-8347-0F998EF0AD9B}.Debug|Any CPU.ActiveCfg = Debug|Any CPU
		{994F0783-B7C2-4185-8347-0F998EF0AD9B}.Debug|Any CPU.Build.0 = Debug|Any CPU
		{994F0783-B7C2-4185-8347-0F998EF0AD9B}.Release|Any CPU.ActiveCfg = Release|Any CPU
		{994F0783-B7C2-4185-8347-0F998EF0AD9B}.Release|Any CPU.Build.0 = Release|Any CPU
	EndGlobalSection
	GlobalSection(SolutionProperties) = preSolution
		HideSolutionNode = FALSE
	EndGlobalSection
	GlobalSection(NestedProjects) = preSolution
		{6C388AE4-A8A1-4F80-8B72-686833C17856} = {982B22CA-24E6-4A18-850D-49130FD2B42B}
		{85C73B64-AF23-4A64-AEF8-B85D4E454F1A} = {982B22CA-24E6-4A18-850D-49130FD2B42B}
		{994F0783-B7C2-4185-8347-0F998EF0AD9B} = {982B22CA-24E6-4A18-850D-49130FD2B42B}
	EndGlobalSection
	GlobalSection(ExtensibilityGlobals) = postSolution
		SolutionGuid = {4FF54AA2-2517-4CB3-9A2E-29651F149135}
	EndGlobalSection
EndGlobal
